// !$*UTF8*$!
{
	archiveVersion = 1;
	classes = {
	};
	objectVersion = 56;
	objects = {

/* Begin PBXBuildFile section */
		A42EA3A32BC840D200C32B78 /* RickAndMortyApp.swift in Sources */ = {isa = PBXBuildFile; fileRef = A42EA3A22BC840D200C32B78 /* RickAndMortyApp.swift */; };
		A42EA3A52BC840D200C32B78 /* ContentView.swift in Sources */ = {isa = PBXBuildFile; fileRef = A42EA3A42BC840D200C32B78 /* ContentView.swift */; };
		A42EA3A72BC840D300C32B78 /* Assets.xcassets in Resources */ = {isa = PBXBuildFile; fileRef = A42EA3A62BC840D300C32B78 /* Assets.xcassets */; };
		A42EA3AA2BC840D300C32B78 /* Preview Assets.xcassets in Resources */ = {isa = PBXBuildFile; fileRef = A42EA3A92BC840D300C32B78 /* Preview Assets.xcassets */; };
		A42EA3B42BC840D300C32B78 /* RickAndMortyTests.swift in Sources */ = {isa = PBXBuildFile; fileRef = A42EA3B32BC840D300C32B78 /* RickAndMortyTests.swift */; };
		A42EA3BE2BC840D300C32B78 /* RickAndMortyUITests.swift in Sources */ = {isa = PBXBuildFile; fileRef = A42EA3BD2BC840D300C32B78 /* RickAndMortyUITests.swift */; };
		A42EA3C02BC840D300C32B78 /* RickAndMortyUITestsLaunchTests.swift in Sources */ = {isa = PBXBuildFile; fileRef = A42EA3BF2BC840D300C32B78 /* RickAndMortyUITestsLaunchTests.swift */; };
		A42EA3CE2BC8410600C32B78 /* Apollo in Frameworks */ = {isa = PBXBuildFile; productRef = A42EA3CD2BC8410600C32B78 /* Apollo */; };
		A42EA3D02BC8410600C32B78 /* ApolloAPI in Frameworks */ = {isa = PBXBuildFile; productRef = A42EA3CF2BC8410600C32B78 /* ApolloAPI */; };
		A42EA3D22BC8410600C32B78 /* ApolloCodegenLib in Frameworks */ = {isa = PBXBuildFile; productRef = A42EA3D12BC8410600C32B78 /* ApolloCodegenLib */; };
		A42EA3D52BC8415600C32B78 /* schema.json in Resources */ = {isa = PBXBuildFile; fileRef = A42EA3D42BC8415600C32B78 /* schema.json */; };
		A42EA3D72BC8416800C32B78 /* Queries.graphql in Resources */ = {isa = PBXBuildFile; fileRef = A42EA3D62BC8416800C32B78 /* Queries.graphql */; };
		A42EA3DA2BC84C6E00C32B78 /* API.swift in Sources */ = {isa = PBXBuildFile; fileRef = A42EA3D92BC84C6E00C32B78 /* API.swift */; };
/* End PBXBuildFile section */

/* Begin PBXContainerItemProxy section */
		A42EA3B02BC840D300C32B78 /* PBXContainerItemProxy */ = {
			isa = PBXContainerItemProxy;
			containerPortal = A42EA3972BC840D200C32B78 /* Project object */;
			proxyType = 1;
			remoteGlobalIDString = A42EA39E2BC840D200C32B78;
			remoteInfo = RickAndMorty;
		};
		A42EA3BA2BC840D300C32B78 /* PBXContainerItemProxy */ = {
			isa = PBXContainerItemProxy;
			containerPortal = A42EA3972BC840D200C32B78 /* Project object */;
			proxyType = 1;
			remoteGlobalIDString = A42EA39E2BC840D200C32B78;
			remoteInfo = RickAndMorty;
		};
/* End PBXContainerItemProxy section */

/* Begin PBXFileReference section */
		A42EA39F2BC840D200C32B78 /* RickAndMorty.app */ = {isa = PBXFileReference; explicitFileType = wrapper.application; includeInIndex = 0; path = RickAndMorty.app; sourceTree = BUILT_PRODUCTS_DIR; };
		A42EA3A22BC840D200C32B78 /* RickAndMortyApp.swift */ = {isa = PBXFileReference; lastKnownFileType = sourcecode.swift; path = RickAndMortyApp.swift; sourceTree = "<group>"; };
		A42EA3A42BC840D200C32B78 /* ContentView.swift */ = {isa = PBXFileReference; lastKnownFileType = sourcecode.swift; path = ContentView.swift; sourceTree = "<group>"; };
		A42EA3A62BC840D300C32B78 /* Assets.xcassets */ = {isa = PBXFileReference; lastKnownFileType = folder.assetcatalog; path = Assets.xcassets; sourceTree = "<group>"; };
		A42EA3A92BC840D300C32B78 /* Preview Assets.xcassets */ = {isa = PBXFileReference; lastKnownFileType = folder.assetcatalog; path = "Preview Assets.xcassets"; sourceTree = "<group>"; };
		A42EA3AF2BC840D300C32B78 /* RickAndMortyTests.xctest */ = {isa = PBXFileReference; explicitFileType = wrapper.cfbundle; includeInIndex = 0; path = RickAndMortyTests.xctest; sourceTree = BUILT_PRODUCTS_DIR; };
		A42EA3B32BC840D300C32B78 /* RickAndMortyTests.swift */ = {isa = PBXFileReference; lastKnownFileType = sourcecode.swift; path = RickAndMortyTests.swift; sourceTree = "<group>"; };
		A42EA3B92BC840D300C32B78 /* RickAndMortyUITests.xctest */ = {isa = PBXFileReference; explicitFileType = wrapper.cfbundle; includeInIndex = 0; path = RickAndMortyUITests.xctest; sourceTree = BUILT_PRODUCTS_DIR; };
		A42EA3BD2BC840D300C32B78 /* RickAndMortyUITests.swift */ = {isa = PBXFileReference; lastKnownFileType = sourcecode.swift; path = RickAndMortyUITests.swift; sourceTree = "<group>"; };
		A42EA3BF2BC840D300C32B78 /* RickAndMortyUITestsLaunchTests.swift */ = {isa = PBXFileReference; lastKnownFileType = sourcecode.swift; path = RickAndMortyUITestsLaunchTests.swift; sourceTree = "<group>"; };
		A42EA3D42BC8415600C32B78 /* schema.json */ = {isa = PBXFileReference; fileEncoding = 4; lastKnownFileType = text.json; path = schema.json; sourceTree = "<group>"; };
		A42EA3D62BC8416800C32B78 /* Queries.graphql */ = {isa = PBXFileReference; fileEncoding = 4; lastKnownFileType = text; path = Queries.graphql; sourceTree = "<group>"; };
		A42EA3D92BC84C6E00C32B78 /* API.swift */ = {isa = PBXFileReference; fileEncoding = 4; lastKnownFileType = sourcecode.swift; path = API.swift; sourceTree = "<group>"; };
/* End PBXFileReference section */

/* Begin PBXFrameworksBuildPhase section */
		A42EA39C2BC840D200C32B78 /* Frameworks */ = {
			isa = PBXFrameworksBuildPhase;
			buildActionMask = 2147483647;
			files = (
				A42EA3D02BC8410600C32B78 /* ApolloAPI in Frameworks */,
				A42EA3D22BC8410600C32B78 /* ApolloCodegenLib in Frameworks */,
				A42EA3CE2BC8410600C32B78 /* Apollo in Frameworks */,
			);
			runOnlyForDeploymentPostprocessing = 0;
		};
		A42EA3AC2BC840D300C32B78 /* Frameworks */ = {
			isa = PBXFrameworksBuildPhase;
			buildActionMask = 2147483647;
			files = (
			);
			runOnlyForDeploymentPostprocessing = 0;
		};
		A42EA3B62BC840D300C32B78 /* Frameworks */ = {
			isa = PBXFrameworksBuildPhase;
			buildActionMask = 2147483647;
			files = (
			);
			runOnlyForDeploymentPostprocessing = 0;
		};
/* End PBXFrameworksBuildPhase section */

/* Begin PBXGroup section */
		A42EA3962BC840D200C32B78 = {
			isa = PBXGroup;
			children = (
				A42EA3A12BC840D200C32B78 /* RickAndMorty */,
				A42EA3B22BC840D300C32B78 /* RickAndMortyTests */,
				A42EA3BC2BC840D300C32B78 /* RickAndMortyUITests */,
				A42EA3A02BC840D200C32B78 /* Products */,
			);
			sourceTree = "<group>";
		};
		A42EA3A02BC840D200C32B78 /* Products */ = {
			isa = PBXGroup;
			children = (
				A42EA39F2BC840D200C32B78 /* RickAndMorty.app */,
				A42EA3AF2BC840D300C32B78 /* RickAndMortyTests.xctest */,
				A42EA3B92BC840D300C32B78 /* RickAndMortyUITests.xctest */,
			);
			name = Products;
			sourceTree = "<group>";
		};
		A42EA3A12BC840D200C32B78 /* RickAndMorty */ = {
			isa = PBXGroup;
			children = (
				A42EA3D32BC8414300C32B78 /* GraphQL */,
				A42EA3A22BC840D200C32B78 /* RickAndMortyApp.swift */,
				A42EA3A42BC840D200C32B78 /* ContentView.swift */,
				A42EA3A62BC840D300C32B78 /* Assets.xcassets */,
				A42EA3A82BC840D300C32B78 /* Preview Content */,
			);
			path = RickAndMorty;
			sourceTree = "<group>";
		};
		A42EA3A82BC840D300C32B78 /* Preview Content */ = {
			isa = PBXGroup;
			children = (
				A42EA3A92BC840D300C32B78 /* Preview Assets.xcassets */,
			);
			path = "Preview Content";
			sourceTree = "<group>";
		};
		A42EA3B22BC840D300C32B78 /* RickAndMortyTests */ = {
			isa = PBXGroup;
			children = (
				A42EA3B32BC840D300C32B78 /* RickAndMortyTests.swift */,
			);
			path = RickAndMortyTests;
			sourceTree = "<group>";
		};
		A42EA3BC2BC840D300C32B78 /* RickAndMortyUITests */ = {
			isa = PBXGroup;
			children = (
				A42EA3BD2BC840D300C32B78 /* RickAndMortyUITests.swift */,
				A42EA3BF2BC840D300C32B78 /* RickAndMortyUITestsLaunchTests.swift */,
			);
			path = RickAndMortyUITests;
			sourceTree = "<group>";
		};
		A42EA3D32BC8414300C32B78 /* GraphQL */ = {
			isa = PBXGroup;
			children = (
				A42EA3D92BC84C6E00C32B78 /* API.swift */,
				A42EA3D62BC8416800C32B78 /* Queries.graphql */,
				A42EA3D42BC8415600C32B78 /* schema.json */,
			);
			path = GraphQL;
			sourceTree = "<group>";
		};
/* End PBXGroup section */

/* Begin PBXNativeTarget section */
		A42EA39E2BC840D200C32B78 /* RickAndMorty */ = {
			isa = PBXNativeTarget;
			buildConfigurationList = A42EA3C32BC840D300C32B78 /* Build configuration list for PBXNativeTarget "RickAndMorty" */;
			buildPhases = (
				A42EA3D82BC8419000C32B78 /* Apollo Codegen */,
				A42EA39B2BC840D200C32B78 /* Sources */,
				A42EA39C2BC840D200C32B78 /* Frameworks */,
				A42EA39D2BC840D200C32B78 /* Resources */,
			);
			buildRules = (
			);
			dependencies = (
			);
			name = RickAndMorty;
			packageProductDependencies = (
				A42EA3CD2BC8410600C32B78 /* Apollo */,
				A42EA3CF2BC8410600C32B78 /* ApolloAPI */,
				A42EA3D12BC8410600C32B78 /* ApolloCodegenLib */,
			);
			productName = RickAndMorty;
			productReference = A42EA39F2BC840D200C32B78 /* RickAndMorty.app */;
			productType = "com.apple.product-type.application";
		};
		A42EA3AE2BC840D300C32B78 /* RickAndMortyTests */ = {
			isa = PBXNativeTarget;
			buildConfigurationList = A42EA3C62BC840D300C32B78 /* Build configuration list for PBXNativeTarget "RickAndMortyTests" */;
			buildPhases = (
				A42EA3AB2BC840D300C32B78 /* Sources */,
				A42EA3AC2BC840D300C32B78 /* Frameworks */,
				A42EA3AD2BC840D300C32B78 /* Resources */,
			);
			buildRules = (
			);
			dependencies = (
				A42EA3B12BC840D300C32B78 /* PBXTargetDependency */,
			);
			name = RickAndMortyTests;
			productName = RickAndMortyTests;
			productReference = A42EA3AF2BC840D300C32B78 /* RickAndMortyTests.xctest */;
			productType = "com.apple.product-type.bundle.unit-test";
		};
		A42EA3B82BC840D300C32B78 /* RickAndMortyUITests */ = {
			isa = PBXNativeTarget;
			buildConfigurationList = A42EA3C92BC840D300C32B78 /* Build configuration list for PBXNativeTarget "RickAndMortyUITests" */;
			buildPhases = (
				A42EA3B52BC840D300C32B78 /* Sources */,
				A42EA3B62BC840D300C32B78 /* Frameworks */,
				A42EA3B72BC840D300C32B78 /* Resources */,
			);
			buildRules = (
			);
			dependencies = (
				A42EA3BB2BC840D300C32B78 /* PBXTargetDependency */,
			);
			name = RickAndMortyUITests;
			productName = RickAndMortyUITests;
			productReference = A42EA3B92BC840D300C32B78 /* RickAndMortyUITests.xctest */;
			productType = "com.apple.product-type.bundle.ui-testing";
		};
/* End PBXNativeTarget section */

/* Begin PBXProject section */
		A42EA3972BC840D200C32B78 /* Project object */ = {
			isa = PBXProject;
			attributes = {
				BuildIndependentTargetsInParallel = 1;
				LastSwiftUpdateCheck = 1530;
				LastUpgradeCheck = 1530;
				TargetAttributes = {
					A42EA39E2BC840D200C32B78 = {
						CreatedOnToolsVersion = 15.3;
					};
					A42EA3AE2BC840D300C32B78 = {
						CreatedOnToolsVersion = 15.3;
						TestTargetID = A42EA39E2BC840D200C32B78;
					};
					A42EA3B82BC840D300C32B78 = {
						CreatedOnToolsVersion = 15.3;
						TestTargetID = A42EA39E2BC840D200C32B78;
					};
				};
			};
			buildConfigurationList = A42EA39A2BC840D200C32B78 /* Build configuration list for PBXProject "RickAndMorty" */;
			compatibilityVersion = "Xcode 14.0";
			developmentRegion = en;
			hasScannedForEncodings = 0;
			knownRegions = (
				en,
				Base,
			);
			mainGroup = A42EA3962BC840D200C32B78;
			packageReferences = (
				A42EA3CC2BC8410600C32B78 /* XCRemoteSwiftPackageReference "apollo-ios" */,
			);
			productRefGroup = A42EA3A02BC840D200C32B78 /* Products */;
			projectDirPath = "";
			projectRoot = "";
			targets = (
				A42EA39E2BC840D200C32B78 /* RickAndMorty */,
				A42EA3AE2BC840D300C32B78 /* RickAndMortyTests */,
				A42EA3B82BC840D300C32B78 /* RickAndMortyUITests */,
			);
		};
/* End PBXProject section */

/* Begin PBXResourcesBuildPhase section */
		A42EA39D2BC840D200C32B78 /* Resources */ = {
			isa = PBXResourcesBuildPhase;
			buildActionMask = 2147483647;
			files = (
				A42EA3AA2BC840D300C32B78 /* Preview Assets.xcassets in Resources */,
				A42EA3D52BC8415600C32B78 /* schema.json in Resources */,
				A42EA3D72BC8416800C32B78 /* Queries.graphql in Resources */,
				A42EA3A72BC840D300C32B78 /* Assets.xcassets in Resources */,
			);
			runOnlyForDeploymentPostprocessing = 0;
		};
		A42EA3AD2BC840D300C32B78 /* Resources */ = {
			isa = PBXResourcesBuildPhase;
			buildActionMask = 2147483647;
			files = (
			);
			runOnlyForDeploymentPostprocessing = 0;
		};
		A42EA3B72BC840D300C32B78 /* Resources */ = {
			isa = PBXResourcesBuildPhase;
			buildActionMask = 2147483647;
			files = (
			);
			runOnlyForDeploymentPostprocessing = 0;
		};
/* End PBXResourcesBuildPhase section */

/* Begin PBXShellScriptBuildPhase section */
		A42EA3D82BC8419000C32B78 /* Apollo Codegen */ = {
			isa = PBXShellScriptBuildPhase;
			buildActionMask = 2147483647;
			files = (
			);
			inputFileListPaths = (
			);
			inputPaths = (
			);
			name = "Apollo Codegen";
			outputFileListPaths = (
			);
			outputPaths = (
			);
			runOnlyForDeploymentPostprocessing = 0;
			shellPath = /bin/sh;
			shellScript = "# Define paths and variables\nBUILD_ROOT=\"${BUILD_ROOT}\"\nSRCROOT=\"${SRCROOT}\"\nTARGET_NAME=\"${TARGET_NAME}\"\nSCHEMA=\"${SRCROOT}/RickAndMorty/GraphQL/schema.json\"\n\n# Check if the SourcePackages directory exists in the build root\nDERIVED_DATA_CANDIDATE=\"${BUILD_ROOT}\"\nwhile ! [ -d \"${DERIVED_DATA_CANDIDATE}/SourcePackages\" ]; do\n  if [ \"${DERIVED_DATA_CANDIDATE}\" = / ]; then\n    echo >&2 \"error: Unable to locate SourcePackages directory from BUILD_ROOT: '${BUILD_ROOT}'\"\n    exit 1\n  fi\n  DERIVED_DATA_CANDIDATE=\"$(dirname \"${DERIVED_DATA_CANDIDATE}\")\"\ndone\n\n# Check if the Apollo CLI script directory exists\nSCRIPT_PATH=\"${DERIVED_DATA_CANDIDATE}/SourcePackages/checkouts/apollo-ios/scripts\"\nif [ -z \"${SCRIPT_PATH}\" ]; then\n    echo >&2 \"error: Couldn't find the CLI script in your checked out SPM packages; make sure to add the framework to your project.\"\n    exit 1\nfi\n\n# Navigate to the target directory\ncd \"${SRCROOT}/${TARGET_NAME}\"\n\n# Run the code generation script with the specified parameters\n\"${SCRIPT_PATH}/run-bundled-codegen.sh\" codegen:generate \\\n  --target=swift \\\n  --includes=./**/*.graphql \\\n  --localSchemaFile=\"${SCHEMA}\" \\\n  ./GraphQL/API.swift\n";
		};
/* End PBXShellScriptBuildPhase section */

/* Begin PBXSourcesBuildPhase section */
		A42EA39B2BC840D200C32B78 /* Sources */ = {
			isa = PBXSourcesBuildPhase;
			buildActionMask = 2147483647;
			files = (
				A42EA3A52BC840D200C32B78 /* ContentView.swift in Sources */,
				A42EA3DA2BC84C6E00C32B78 /* API.swift in Sources */,
				A42EA3A32BC840D200C32B78 /* RickAndMortyApp.swift in Sources */,
			);
			runOnlyForDeploymentPostprocessing = 0;
		};
		A42EA3AB2BC840D300C32B78 /* Sources */ = {
			isa = PBXSourcesBuildPhase;
			buildActionMask = 2147483647;
			files = (
				A42EA3B42BC840D300C32B78 /* RickAndMortyTests.swift in Sources */,
			);
			runOnlyForDeploymentPostprocessing = 0;
		};
		A42EA3B52BC840D300C32B78 /* Sources */ = {
			isa = PBXSourcesBuildPhase;
			buildActionMask = 2147483647;
			files = (
				A42EA3BE2BC840D300C32B78 /* RickAndMortyUITests.swift in Sources */,
				A42EA3C02BC840D300C32B78 /* RickAndMortyUITestsLaunchTests.swift in Sources */,
			);
			runOnlyForDeploymentPostprocessing = 0;
		};
/* End PBXSourcesBuildPhase section */

/* Begin PBXTargetDependency section */
		A42EA3B12BC840D300C32B78 /* PBXTargetDependency */ = {
			isa = PBXTargetDependency;
			target = A42EA39E2BC840D200C32B78 /* RickAndMorty */;
			targetProxy = A42EA3B02BC840D300C32B78 /* PBXContainerItemProxy */;
		};
		A42EA3BB2BC840D300C32B78 /* PBXTargetDependency */ = {
			isa = PBXTargetDependency;
			target = A42EA39E2BC840D200C32B78 /* RickAndMorty */;
			targetProxy = A42EA3BA2BC840D300C32B78 /* PBXContainerItemProxy */;
		};
/* End PBXTargetDependency section */

/* Begin XCBuildConfiguration section */
		A42EA3C12BC840D300C32B78 /* Debug */ = {
			isa = XCBuildConfiguration;
			buildSettings = {
				ALWAYS_SEARCH_USER_PATHS = NO;
				ASSETCATALOG_COMPILER_GENERATE_SWIFT_ASSET_SYMBOL_EXTENSIONS = YES;
				CLANG_ANALYZER_NONNULL = YES;
				CLANG_ANALYZER_NUMBER_OBJECT_CONVERSION = YES_AGGRESSIVE;
				CLANG_CXX_LANGUAGE_STANDARD = "gnu++20";
				CLANG_ENABLE_MODULES = YES;
				CLANG_ENABLE_OBJC_ARC = YES;
				CLANG_ENABLE_OBJC_WEAK = YES;
				CLANG_WARN_BLOCK_CAPTURE_AUTORELEASING = YES;
				CLANG_WARN_BOOL_CONVERSION = YES;
				CLANG_WARN_COMMA = YES;
				CLANG_WARN_CONSTANT_CONVERSION = YES;
				CLANG_WARN_DEPRECATED_OBJC_IMPLEMENTATIONS = YES;
				CLANG_WARN_DIRECT_OBJC_ISA_USAGE = YES_ERROR;
				CLANG_WARN_DOCUMENTATION_COMMENTS = YES;
				CLANG_WARN_EMPTY_BODY = YES;
				CLANG_WARN_ENUM_CONVERSION = YES;
				CLANG_WARN_INFINITE_RECURSION = YES;
				CLANG_WARN_INT_CONVERSION = YES;
				CLANG_WARN_NON_LITERAL_NULL_CONVERSION = YES;
				CLANG_WARN_OBJC_IMPLICIT_RETAIN_SELF = YES;
				CLANG_WARN_OBJC_LITERAL_CONVERSION = YES;
				CLANG_WARN_OBJC_ROOT_CLASS = YES_ERROR;
				CLANG_WARN_QUOTED_INCLUDE_IN_FRAMEWORK_HEADER = YES;
				CLANG_WARN_RANGE_LOOP_ANALYSIS = YES;
				CLANG_WARN_STRICT_PROTOTYPES = YES;
				CLANG_WARN_SUSPICIOUS_MOVE = YES;
				CLANG_WARN_UNGUARDED_AVAILABILITY = YES_AGGRESSIVE;
				CLANG_WARN_UNREACHABLE_CODE = YES;
				CLANG_WARN__DUPLICATE_METHOD_MATCH = YES;
				COPY_PHASE_STRIP = NO;
				DEBUG_INFORMATION_FORMAT = dwarf;
				ENABLE_STRICT_OBJC_MSGSEND = YES;
				ENABLE_TESTABILITY = YES;
				ENABLE_USER_SCRIPT_SANDBOXING = YES;
				GCC_C_LANGUAGE_STANDARD = gnu17;
				GCC_DYNAMIC_NO_PIC = NO;
				GCC_NO_COMMON_BLOCKS = YES;
				GCC_OPTIMIZATION_LEVEL = 0;
				GCC_PREPROCESSOR_DEFINITIONS = (
					"DEBUG=1",
					"$(inherited)",
				);
				GCC_WARN_64_TO_32_BIT_CONVERSION = YES;
				GCC_WARN_ABOUT_RETURN_TYPE = YES_ERROR;
				GCC_WARN_UNDECLARED_SELECTOR = YES;
				GCC_WARN_UNINITIALIZED_AUTOS = YES_AGGRESSIVE;
				GCC_WARN_UNUSED_FUNCTION = YES;
				GCC_WARN_UNUSED_VARIABLE = YES;
				IPHONEOS_DEPLOYMENT_TARGET = 17.4;
				LOCALIZATION_PREFERS_STRING_CATALOGS = YES;
				MTL_ENABLE_DEBUG_INFO = INCLUDE_SOURCE;
				MTL_FAST_MATH = YES;
				ONLY_ACTIVE_ARCH = YES;
				SDKROOT = iphoneos;
				SWIFT_ACTIVE_COMPILATION_CONDITIONS = "DEBUG $(inherited)";
				SWIFT_OPTIMIZATION_LEVEL = "-Onone";
			};
			name = Debug;
		};
		A42EA3C22BC840D300C32B78 /* Release */ = {
			isa = XCBuildConfiguration;
			buildSettings = {
				ALWAYS_SEARCH_USER_PATHS = NO;
				ASSETCATALOG_COMPILER_GENERATE_SWIFT_ASSET_SYMBOL_EXTENSIONS = YES;
				CLANG_ANALYZER_NONNULL = YES;
				CLANG_ANALYZER_NUMBER_OBJECT_CONVERSION = YES_AGGRESSIVE;
				CLANG_CXX_LANGUAGE_STANDARD = "gnu++20";
				CLANG_ENABLE_MODULES = YES;
				CLANG_ENABLE_OBJC_ARC = YES;
				CLANG_ENABLE_OBJC_WEAK = YES;
				CLANG_WARN_BLOCK_CAPTURE_AUTORELEASING = YES;
				CLANG_WARN_BOOL_CONVERSION = YES;
				CLANG_WARN_COMMA = YES;
				CLANG_WARN_CONSTANT_CONVERSION = YES;
				CLANG_WARN_DEPRECATED_OBJC_IMPLEMENTATIONS = YES;
				CLANG_WARN_DIRECT_OBJC_ISA_USAGE = YES_ERROR;
				CLANG_WARN_DOCUMENTATION_COMMENTS = YES;
				CLANG_WARN_EMPTY_BODY = YES;
				CLANG_WARN_ENUM_CONVERSION = YES;
				CLANG_WARN_INFINITE_RECURSION = YES;
				CLANG_WARN_INT_CONVERSION = YES;
				CLANG_WARN_NON_LITERAL_NULL_CONVERSION = YES;
				CLANG_WARN_OBJC_IMPLICIT_RETAIN_SELF = YES;
				CLANG_WARN_OBJC_LITERAL_CONVERSION = YES;
				CLANG_WARN_OBJC_ROOT_CLASS = YES_ERROR;
				CLANG_WARN_QUOTED_INCLUDE_IN_FRAMEWORK_HEADER = YES;
				CLANG_WARN_RANGE_LOOP_ANALYSIS = YES;
				CLANG_WARN_STRICT_PROTOTYPES = YES;
				CLANG_WARN_SUSPICIOUS_MOVE = YES;
				CLANG_WARN_UNGUARDED_AVAILABILITY = YES_AGGRESSIVE;
				CLANG_WARN_UNREACHABLE_CODE = YES;
				CLANG_WARN__DUPLICATE_METHOD_MATCH = YES;
				COPY_PHASE_STRIP = NO;
				DEBUG_INFORMATION_FORMAT = "dwarf-with-dsym";
				ENABLE_NS_ASSERTIONS = NO;
				ENABLE_STRICT_OBJC_MSGSEND = YES;
				ENABLE_USER_SCRIPT_SANDBOXING = YES;
				GCC_C_LANGUAGE_STANDARD = gnu17;
				GCC_NO_COMMON_BLOCKS = YES;
				GCC_WARN_64_TO_32_BIT_CONVERSION = YES;
				GCC_WARN_ABOUT_RETURN_TYPE = YES_ERROR;
				GCC_WARN_UNDECLARED_SELECTOR = YES;
				GCC_WARN_UNINITIALIZED_AUTOS = YES_AGGRESSIVE;
				GCC_WARN_UNUSED_FUNCTION = YES;
				GCC_WARN_UNUSED_VARIABLE = YES;
				IPHONEOS_DEPLOYMENT_TARGET = 17.4;
				LOCALIZATION_PREFERS_STRING_CATALOGS = YES;
				MTL_ENABLE_DEBUG_INFO = NO;
				MTL_FAST_MATH = YES;
				SDKROOT = iphoneos;
				SWIFT_COMPILATION_MODE = wholemodule;
				VALIDATE_PRODUCT = YES;
			};
			name = Release;
		};
		A42EA3C42BC840D300C32B78 /* Debug */ = {
			isa = XCBuildConfiguration;
			buildSettings = {
				ASSETCATALOG_COMPILER_APPICON_NAME = AppIcon;
				ASSETCATALOG_COMPILER_GLOBAL_ACCENT_COLOR_NAME = AccentColor;
				CODE_SIGN_STYLE = Automatic;
				CURRENT_PROJECT_VERSION = 1;
				DEVELOPMENT_ASSET_PATHS = "\"RickAndMorty/Preview Content\"";
				DEVELOPMENT_TEAM = GBU6J2A3XY;
				ENABLE_PREVIEWS = YES;
				ENABLE_USER_SCRIPT_SANDBOXING = NO;
				GENERATE_INFOPLIST_FILE = YES;
				INFOPLIST_KEY_UIApplicationSceneManifest_Generation = YES;
				INFOPLIST_KEY_UIApplicationSupportsIndirectInputEvents = YES;
				INFOPLIST_KEY_UILaunchScreen_Generation = YES;
				INFOPLIST_KEY_UISupportedInterfaceOrientations_iPad = "UIInterfaceOrientationPortrait UIInterfaceOrientationPortraitUpsideDown UIInterfaceOrientationLandscapeLeft UIInterfaceOrientationLandscapeRight";
				INFOPLIST_KEY_UISupportedInterfaceOrientations_iPhone = "UIInterfaceOrientationPortrait UIInterfaceOrientationLandscapeLeft UIInterfaceOrientationLandscapeRight";
				LD_RUNPATH_SEARCH_PATHS = (
					"$(inherited)",
					"@executable_path/Frameworks",
				);
				MARKETING_VERSION = 1.0;
				PRODUCT_BUNDLE_IDENTIFIER = "luannluna-tw.RickAndMorty";
				PRODUCT_NAME = "$(TARGET_NAME)";
				SWIFT_EMIT_LOC_STRINGS = YES;
				SWIFT_VERSION = 5.0;
				TARGETED_DEVICE_FAMILY = "1,2";
			};
			name = Debug;
		};
		A42EA3C52BC840D300C32B78 /* Release */ = {
			isa = XCBuildConfiguration;
			buildSettings = {
				ASSETCATALOG_COMPILER_APPICON_NAME = AppIcon;
				ASSETCATALOG_COMPILER_GLOBAL_ACCENT_COLOR_NAME = AccentColor;
				CODE_SIGN_STYLE = Automatic;
				CURRENT_PROJECT_VERSION = 1;
				DEVELOPMENT_ASSET_PATHS = "\"RickAndMorty/Preview Content\"";
				DEVELOPMENT_TEAM = GBU6J2A3XY;
				ENABLE_PREVIEWS = YES;
				ENABLE_USER_SCRIPT_SANDBOXING = NO;
				GENERATE_INFOPLIST_FILE = YES;
				INFOPLIST_KEY_UIApplicationSceneManifest_Generation = YES;
				INFOPLIST_KEY_UIApplicationSupportsIndirectInputEvents = YES;
				INFOPLIST_KEY_UILaunchScreen_Generation = YES;
				INFOPLIST_KEY_UISupportedInterfaceOrientations_iPad = "UIInterfaceOrientationPortrait UIInterfaceOrientationPortraitUpsideDown UIInterfaceOrientationLandscapeLeft UIInterfaceOrientationLandscapeRight";
				INFOPLIST_KEY_UISupportedInterfaceOrientations_iPhone = "UIInterfaceOrientationPortrait UIInterfaceOrientationLandscapeLeft UIInterfaceOrientationLandscapeRight";
				LD_RUNPATH_SEARCH_PATHS = (
					"$(inherited)",
					"@executable_path/Frameworks",
				);
				MARKETING_VERSION = 1.0;
				PRODUCT_BUNDLE_IDENTIFIER = "luannluna-tw.RickAndMorty";
				PRODUCT_NAME = "$(TARGET_NAME)";
				SWIFT_EMIT_LOC_STRINGS = YES;
				SWIFT_VERSION = 5.0;
				TARGETED_DEVICE_FAMILY = "1,2";
			};
			name = Release;
		};
		A42EA3C72BC840D300C32B78 /* Debug */ = {
			isa = XCBuildConfiguration;
			buildSettings = {
				ALWAYS_EMBED_SWIFT_STANDARD_LIBRARIES = YES;
				BUNDLE_LOADER = "$(TEST_HOST)";
				CODE_SIGN_STYLE = Automatic;
				CURRENT_PROJECT_VERSION = 1;
				DEVELOPMENT_TEAM = GBU6J2A3XY;
				GENERATE_INFOPLIST_FILE = YES;
				IPHONEOS_DEPLOYMENT_TARGET = 17.4;
				MARKETING_VERSION = 1.0;
				PRODUCT_BUNDLE_IDENTIFIER = "luannluna-tw.RickAndMortyTests";
				PRODUCT_NAME = "$(TARGET_NAME)";
				SWIFT_EMIT_LOC_STRINGS = NO;
				SWIFT_VERSION = 5.0;
				TARGETED_DEVICE_FAMILY = "1,2";
				TEST_HOST = "$(BUILT_PRODUCTS_DIR)/RickAndMorty.app/$(BUNDLE_EXECUTABLE_FOLDER_PATH)/RickAndMorty";
			};
			name = Debug;
		};
		A42EA3C82BC840D300C32B78 /* Release */ = {
			isa = XCBuildConfiguration;
			buildSettings = {
				ALWAYS_EMBED_SWIFT_STANDARD_LIBRARIES = YES;
				BUNDLE_LOADER = "$(TEST_HOST)";
				CODE_SIGN_STYLE = Automatic;
				CURRENT_PROJECT_VERSION = 1;
				DEVELOPMENT_TEAM = GBU6J2A3XY;
				GENERATE_INFOPLIST_FILE = YES;
				IPHONEOS_DEPLOYMENT_TARGET = 17.4;
				MARKETING_VERSION = 1.0;
				PRODUCT_BUNDLE_IDENTIFIER = "luannluna-tw.RickAndMortyTests";
				PRODUCT_NAME = "$(TARGET_NAME)";
				SWIFT_EMIT_LOC_STRINGS = NO;
				SWIFT_VERSION = 5.0;
				TARGETED_DEVICE_FAMILY = "1,2";
				TEST_HOST = "$(BUILT_PRODUCTS_DIR)/RickAndMorty.app/$(BUNDLE_EXECUTABLE_FOLDER_PATH)/RickAndMorty";
			};
			name = Release;
		};
		A42EA3CA2BC840D300C32B78 /* Debug */ = {
			isa = XCBuildConfiguration;
			buildSettings = {
				ALWAYS_EMBED_SWIFT_STANDARD_LIBRARIES = YES;
				CODE_SIGN_STYLE = Automatic;
				CURRENT_PROJECT_VERSION = 1;
				DEVELOPMENT_TEAM = GBU6J2A3XY;
				GENERATE_INFOPLIST_FILE = YES;
				MARKETING_VERSION = 1.0;
				PRODUCT_BUNDLE_IDENTIFIER = "luannluna-tw.RickAndMortyUITests";
				PRODUCT_NAME = "$(TARGET_NAME)";
				SWIFT_EMIT_LOC_STRINGS = NO;
				SWIFT_VERSION = 5.0;
				TARGETED_DEVICE_FAMILY = "1,2";
				TEST_TARGET_NAME = RickAndMorty;
			};
			name = Debug;
		};
		A42EA3CB2BC840D300C32B78 /* Release */ = {
			isa = XCBuildConfiguration;
			buildSettings = {
				ALWAYS_EMBED_SWIFT_STANDARD_LIBRARIES = YES;
				CODE_SIGN_STYLE = Automatic;
				CURRENT_PROJECT_VERSION = 1;
				DEVELOPMENT_TEAM = GBU6J2A3XY;
				GENERATE_INFOPLIST_FILE = YES;
				MARKETING_VERSION = 1.0;
				PRODUCT_BUNDLE_IDENTIFIER = "luannluna-tw.RickAndMortyUITests";
				PRODUCT_NAME = "$(TARGET_NAME)";
				SWIFT_EMIT_LOC_STRINGS = NO;
				SWIFT_VERSION = 5.0;
				TARGETED_DEVICE_FAMILY = "1,2";
				TEST_TARGET_NAME = RickAndMorty;
			};
			name = Release;
		};
/* End XCBuildConfiguration section */

/* Begin XCConfigurationList section */
		A42EA39A2BC840D200C32B78 /* Build configuration list for PBXProject "RickAndMorty" */ = {
			isa = XCConfigurationList;
			buildConfigurations = (
				A42EA3C12BC840D300C32B78 /* Debug */,
				A42EA3C22BC840D300C32B78 /* Release */,
			);
			defaultConfigurationIsVisible = 0;
			defaultConfigurationName = Release;
		};
		A42EA3C32BC840D300C32B78 /* Build configuration list for PBXNativeTarget "RickAndMorty" */ = {
			isa = XCConfigurationList;
			buildConfigurations = (
				A42EA3C42BC840D300C32B78 /* Debug */,
				A42EA3C52BC840D300C32B78 /* Release */,
			);
			defaultConfigurationIsVisible = 0;
			defaultConfigurationName = Release;
		};
		A42EA3C62BC840D300C32B78 /* Build configuration list for PBXNativeTarget "RickAndMortyTests" */ = {
			isa = XCConfigurationList;
			buildConfigurations = (
				A42EA3C72BC840D300C32B78 /* Debug */,
				A42EA3C82BC840D300C32B78 /* Release */,
			);
			defaultConfigurationIsVisible = 0;
			defaultConfigurationName = Release;
		};
		A42EA3C92BC840D300C32B78 /* Build configuration list for PBXNativeTarget "RickAndMortyUITests" */ = {
			isa = XCConfigurationList;
			buildConfigurations = (
				A42EA3CA2BC840D300C32B78 /* Debug */,
				A42EA3CB2BC840D300C32B78 /* Release */,
			);
			defaultConfigurationIsVisible = 0;
			defaultConfigurationName = Release;
		};
/* End XCConfigurationList section */

/* Begin XCRemoteSwiftPackageReference section */
		A42EA3CC2BC8410600C32B78 /* XCRemoteSwiftPackageReference "apollo-ios" */ = {
			isa = XCRemoteSwiftPackageReference;
			repositoryURL = "https://github.com/apollographql/apollo-ios";
			requirement = {
				kind = exactVersion;
				version = 0.53.0;
			};
		};
/* End XCRemoteSwiftPackageReference section */

/* Begin XCSwiftPackageProductDependency section */
		A42EA3CD2BC8410600C32B78 /* Apollo */ = {
			isa = XCSwiftPackageProductDependency;
			package = A42EA3CC2BC8410600C32B78 /* XCRemoteSwiftPackageReference "apollo-ios" */;
			productName = Apollo;
		};
		A42EA3CF2BC8410600C32B78 /* ApolloAPI */ = {
			isa = XCSwiftPackageProductDependency;
			package = A42EA3CC2BC8410600C32B78 /* XCRemoteSwiftPackageReference "apollo-ios" */;
			productName = ApolloAPI;
		};
		A42EA3D12BC8410600C32B78 /* ApolloCodegenLib */ = {
			isa = XCSwiftPackageProductDependency;
			package = A42EA3CC2BC8410600C32B78 /* XCRemoteSwiftPackageReference "apollo-ios" */;
			productName = ApolloCodegenLib;
		};
/* End XCSwiftPackageProductDependency section */
	};
	rootObject = A42EA3972BC840D200C32B78 /* Project object */;
}
